
Microsoft Visual Studio Solution File, Format Version 12.00
# Visual Studio 15
VisualStudioVersion = 15.0.27428.2027
MinimumVisualStudioVersion = 10.0.40219.1
Project("{8BC9CEB8-8B4A-11D0-8D11-00A0C91BC942}") = "chapter1.1", "chapter1.1\chapter1.1.vcxproj", "{E2074A4B-DF4A-459C-912D-A97D3B0BE275}"
EndProject
Project("{8BC9CEB8-8B4A-11D0-8D11-00A0C91BC942}") = "chapter1.2", "chapter1.2\chapter1.2.vcxproj", "{86FA1502-4195-4779-84B1-0FBF5EFE4B21}"
EndProject
Project("{8BC9CEB8-8B4A-11D0-8D11-00A0C91BC942}") = "chapter2.2", "chapter2.2\chapter2.2.vcxproj", "{2F9DA8CF-55A8-49F4-AD9E-BAE27DED64E2}"
EndProject
Project("{8BC9CEB8-8B4A-11D0-8D11-00A0C91BC942}") = "chapter3.1", "chapter3.1\chapter3.1.vcxproj", "{3F4A9EBD-161F-4B3C-B695-07BCBF55874F}"
EndProject
Project("{8BC9CEB8-8B4A-11D0-8D11-00A0C91BC942}") = "chapter3.2", "chapter3.2\chapter3.2.vcxproj", "{0A41255A-45EC-437B-ACA2-DA1441AB474C}"
EndProject
Project("{8BC9CEB8-8B4A-11D0-8D11-00A0C91BC942}") = "chapter3.3", "chapter3.3\chapter3.3.vcxproj", "{B7E97DFD-DBBC-40AB-86DF-71246C0C5133}"
EndProject
Project("{8BC9CEB8-8B4A-11D0-8D11-00A0C91BC942}") = "chapter3.4", "chapter3.4\chapter3.4.vcxproj", "{78DE5968-1DFA-4374-82DA-430D99A44AE7}"
EndProject
Project("{8BC9CEB8-8B4A-11D0-8D11-00A0C91BC942}") = "chapter3.5", "chapter3.5\chapter3.5.vcxproj", "{C3BB5390-B3D2-4963-90D1-AA55B4F2857D}"
EndProject
Project("{8BC9CEB8-8B4A-11D0-8D11-00A0C91BC942}") = "chapter4.1", "chapter4.1\chapter4.1.vcxproj", "{7FDF324F-1C80-4849-BCEB-1966516E5B3A}"
EndProject
Project("{8BC9CEB8-8B4A-11D0-8D11-00A0C91BC942}") = "chapter4.3", "chapter4.3\chapter4.3.vcxproj", "{18EA7255-CD20-4C15-9F60-03761D11CD71}"
EndProject
Project("{8BC9CEB8-8B4A-11D0-8D11-00A0C91BC942}") = "chapter4.4", "chapter4.4\chapter4.4.vcxproj", "{5676424B-31D7-4918-8AB4-2A4EF4E63901}"
EndProject
Project("{8BC9CEB8-8B4A-11D0-8D11-00A0C91BC942}") = "chapter4.5", "chapter4.5\chapter4.5.vcxproj", "{0BCC2110-8684-411C-A33A-BC5450662529}"
EndProject
Project("{8BC9CEB8-8B4A-11D0-8D11-00A0C91BC942}") = "chapter5.1", "chapter5.1\chapter5.1.vcxproj", "{82D61750-B299-4DD0-ABBE-FDE5DE527241}"
EndProject
Project("{8BC9CEB8-8B4A-11D0-8D11-00A0C91BC942}") = "chapter5.2", "chapter5.2\chapter5.2.vcxproj", "{C28BBB52-7BDD-4EC2-A439-5872642B30E0}"
EndProject
Project("{8BC9CEB8-8B4A-11D0-8D11-00A0C91BC942}") = "chapter5.3", "chapter5.3\chapter5.3.vcxproj", "{6F6AFF77-8766-42E0-BE09-16E45B39A595}"
EndProject
Project("{8BC9CEB8-8B4A-11D0-8D11-00A0C91BC942}") = "chapter5.4", "chapter5.4\chapter5.4.vcxproj", "{7E41BDDE-3818-451C-A6BD-D8709B1EDCA6}"
EndProject
Project("{8BC9CEB8-8B4A-11D0-8D11-00A0C91BC942}") = "chapter5.5", "chapter5.5\chapter5.5.vcxproj", "{87A2368A-14DC-4FBC-AD93-6AC9EA336B0F}"
EndProject
Project("{8BC9CEB8-8B4A-11D0-8D11-00A0C91BC942}") = "chapter5.6", "chapter5.6\chapter5.6.vcxproj", "{986BCBDF-EA33-4174-94F9-EF864ECB5F4C}"
EndProject
Project("{8BC9CEB8-8B4A-11D0-8D11-00A0C91BC942}") = "chapter6.2", "chapter6.2\chapter6.2.vcxproj", "{442CA9DE-7AB2-4AC8-B443-3FE2CE9C5B37}"
EndProject
Project("{8BC9CEB8-8B4A-11D0-8D11-00A0C91BC942}") = "chapter6.3", "chapter6.3\chapter6.3.vcxproj", "{DBCAC006-8995-4D33-96DB-F9E8AA37E21B}"
EndProject
Project("{8BC9CEB8-8B4A-11D0-8D11-00A0C91BC942}") = "chapter6.4_5", "chapter6.4\chapter6.4.vcxproj", "{2DBAD008-F954-4570-A007-078DBD23B235}"
EndProject
Project("{8BC9CEB8-8B4A-11D0-8D11-00A0C91BC942}") = "chapter7.1", "chapter7.1\chapter7.1.vcxproj", "{53DC8703-2E16-4962-B239-40420B5B1955}"
EndProject
Project("{8BC9CEB8-8B4A-11D0-8D11-00A0C91BC942}") = "chapter8.1", "chapter8.1\chapter8.1.vcxproj", "{AB00AC72-C330-4D68-8532-1B0682E932E9}"
EndProject
Project("{8BC9CEB8-8B4A-11D0-8D11-00A0C91BC942}") = "chapter8.4", "chapter8.4\chapter8.4.vcxproj", "{660CCD71-4782-42A4-B294-766878E75ACB}"
EndProject
Project("{8BC9CEB8-8B4A-11D0-8D11-00A0C91BC942}") = "chapter12.1", "chapter12.1\chapter12.1.vcxproj", "{04447508-7FAC-47D4-877F-665A1809F73A}"
EndProject
Project("{8BC9CEB8-8B4A-11D0-8D11-00A0C91BC942}") = "chapter12.2", "chapter12.2\chapter12.2.vcxproj", "{D8D3F4F9-952B-4E22-92EF-9C7DA8A8D9CA}"
EndProject
Project("{8BC9CEB8-8B4A-11D0-8D11-00A0C91BC942}") = "chapter12.3", "chapter12.3\chapter12.3.vcxproj", "{B5650A7D-C9DA-48C3-8D15-8EEADDEA2699}"
EndProject
Project("{8BC9CEB8-8B4A-11D0-8D11-00A0C91BC942}") = "chapter12.4", "chapter12.4\chapter12.4.vcxproj", "{1810DEB6-530C-47AE-B92F-6AC5F46FF5D7}"
EndProject
Project("{8BC9CEB8-8B4A-11D0-8D11-00A0C91BC942}") = "chapter12.6", "chapter12.6\chapter12.6.vcxproj", "{E6FD8E65-77A3-4E9A-8785-CE413C708BA7}"
EndProject
Project("{8BC9CEB8-8B4A-11D0-8D11-00A0C91BC942}") = "chapter8.5", "chapter8.5\chapter8.5.vcxproj", "{609C57FD-2376-4406-828A-1B64271DA84A}"
EndProject
Project("{8BC9CEB8-8B4A-11D0-8D11-00A0C91BC942}") = "chapter8.3", "chapter8.3\chapter8.3.vcxproj", "{92B3EBBF-3A15-4AB6-BAC3-48065679F236}"
EndProject
Project("{8BC9CEB8-8B4A-11D0-8D11-00A0C91BC942}") = "chapter2.3", "chapter2.3\chapter2.3.vcxproj", "{3B7622DE-4ABE-4BFF-823C-BAD1981BC2B4}"
EndProject
Project("{8BC9CEB8-8B4A-11D0-8D11-00A0C91BC942}") = "chapter2.4", "chapter2.4\chapter2.4.vcxproj", "{DC142EBB-36FD-4A5E-81BF-7E6E94C979F6}"
EndProject
Project("{8BC9CEB8-8B4A-11D0-8D11-00A0C91BC942}") = "chapter2.5", "chapter2.5\chapter2.5.vcxproj", "{4016BA48-747F-48E4-B197-5359322B5D70}"
EndProject
Project("{8BC9CEB8-8B4A-11D0-8D11-00A0C91BC942}") = "chapter2.6", "chapter2.6\chapter2.6.vcxproj", "{142E15DC-C630-4E80-B034-ACBDE77FF634}"
EndProject
Project("{8BC9CEB8-8B4A-11D0-8D11-00A0C91BC942}") = "chapter4.6", "chapter4.6\chapter4.6.vcxproj", "{86D565D7-30A5-448A-886D-A9A058435412}"
EndProject
Project("{8BC9CEB8-8B4A-11D0-8D11-00A0C91BC942}") = "chapter4.7", "chapter4.7\chapter4.7.vcxproj", "{D3BA3D93-15BC-484D-A2A7-9F41E9D3E19F}"
EndProject
Project("{8BC9CEB8-8B4A-11D0-8D11-00A0C91BC942}") = "chapter4.2", "chapter4.2\chapter4.2.vcxproj", "{2EE90AC4-D527-43C5-BBF9-0C02535C0C68}"
EndProject
Project("{8BC9CEB8-8B4A-11D0-8D11-00A0C91BC942}") = "chapter5.7", "chapter5.7\chapter5.7.vcxproj", "{18A20F45-8BDD-4B63-95BF-49DFFB649C73}"
EndProject
Project("{8BC9CEB8-8B4A-11D0-8D11-00A0C91BC942}") = "chapter5.8", "chapter5.8\chapter5.8.vcxproj", "{A8662004-FD01-4803-80B0-FD6D4909EC6C}"
EndProject
Project("{8BC9CEB8-8B4A-11D0-8D11-00A0C91BC942}") = "chapter7.2", "chapter7.2\chapter7.2.vcxproj", "{EB21BAAE-8A1E-4979-82F2-1B1A88A3B52A}"
EndProject
Project("{8BC9CEB8-8B4A-11D0-8D11-00A0C91BC942}") = "chapter7.3", "chapter7.3\chapter7.3.vcxproj", "{BD9E835D-413A-450D-8289-615C502E756A}"
EndProject
Project("{8BC9CEB8-8B4A-11D0-8D11-00A0C91BC942}") = "chapter10.3", "chapter10.3\chapter10.3.vcxproj", "{97B7369C-6456-43E8-9251-F969C130FDFD}"
EndProject
Project("{8BC9CEB8-8B4A-11D0-8D11-00A0C91BC942}") = "chapter10.1", "chapter10.1\chapter10.1.vcxproj", "{BB6A94D1-3200-4732-BD34-A6D8E8CD4E07}"
EndProject
Project("{8BC9CEB8-8B4A-11D0-8D11-00A0C91BC942}") = "chapter10.2", "chapter10.2\chapter10.2.vcxproj", "{499C09B0-DA91-4E5A-B96F-58DE69D5D3D4}"
EndProject
Project("{8BC9CEB8-8B4A-11D0-8D11-00A0C91BC942}") = "chapter11.1", "chapter11.1\chapter11.1.vcxproj", "{804F8617-A0DF-473F-95E8-3CBAC3AF1226}"
EndProject
Project("{8BC9CEB8-8B4A-11D0-8D11-00A0C91BC942}") = "chapter11.2", "chapter11.2\chapter11.2.vcxproj", "{C8686420-FCA7-41A0-AF64-A1B438E2B143}"
EndProject
Project("{8BC9CEB8-8B4A-11D0-8D11-00A0C91BC942}") = "chapter11.3", "chapter11.3\chapter11.3.vcxproj", "{9D663C9F-270C-4676-8144-7E876D4F467F}"
EndProject
Project("{8BC9CEB8-8B4A-11D0-8D11-00A0C91BC942}") = "chapter12.4.2", "chapter12.4.2\chapter12.4.2.vcxproj", "{CC3F09CE-0FCB-4B63-9D34-A064AC855470}"
EndProject
Project("{8BC9CEB8-8B4A-11D0-8D11-00A0C91BC942}") = "chapter12.5", "chapter12.5\chapter12.5.vcxproj", "{CEDDFE58-CD76-4B60-A091-600F1D8849CC}"
EndProject
Project("{8BC9CEB8-8B4A-11D0-8D11-00A0C91BC942}") = "chapter12.7", "chapter12.7\chapter12.7.vcxproj", "{BDE3DFB8-A193-43EB-88B3-FD7A52447277}"
EndProject
Project("{8BC9CEB8-8B4A-11D0-8D11-00A0C91BC942}") = "chapter9.3", "chapter9.3\chapter9.3.vcxproj", "{3EB6DA32-D582-4D5B-822A-FF83CD29C68E}"
EndProject
Project("{8BC9CEB8-8B4A-11D0-8D11-00A0C91BC942}") = "chapter9.1", "chapter9.1\chapter9.1.vcxproj", "{1713992A-3B36-4F7D-AE99-44A599B48F57}"
EndProject
Project("{8BC9CEB8-8B4A-11D0-8D11-00A0C91BC942}") = "chapter9.2", "chapter9.2\chapter9.2.vcxproj", "{066395C6-3EF8-4DAE-8E77-8A5B2DB6BF15}"
EndProject
Project("{8BC9CEB8-8B4A-11D0-8D11-00A0C91BC942}") = "chapter6.1", "chapter6.1\chapter6.1.vcxproj", "{36FD605D-BA63-42BE-B549-6059E322A5AF}"
EndProject
Project("{8BC9CEB8-8B4A-11D0-8D11-00A0C91BC942}") = "chapter9.3.5", "chapter9.3.5\prog9-3.vcxproj", "{CA540385-4FBC-47DD-A1EC-D606AE47098D}"
EndProject
Project("{8BC9CEB8-8B4A-11D0-8D11-00A0C91BC942}") = "chapter8.2", "chapter8.2\chapter8.2.vcxproj", "{A678A87E-FD57-45F6-B44E-675AE80DD243}"
EndProject
Global
	GlobalSection(SolutionConfigurationPlatforms) = preSolution
		Debug|x64 = Debug|x64
		Debug|x86 = Debug|x86
		Release|x64 = Release|x64
		Release|x86 = Release|x86
	EndGlobalSection
	GlobalSection(ProjectConfigurationPlatforms) = postSolution
		{E2074A4B-DF4A-459C-912D-A97D3B0BE275}.Debug|x64.ActiveCfg = Debug|x64
		{E2074A4B-DF4A-459C-912D-A97D3B0BE275}.Debug|x64.Build.0 = Debug|x64
		{E2074A4B-DF4A-459C-912D-A97D3B0BE275}.Debug|x86.ActiveCfg = Debug|Win32
		{E2074A4B-DF4A-459C-912D-A97D3B0BE275}.Debug|x86.Build.0 = Debug|Win32
		{E2074A4B-DF4A-459C-912D-A97D3B0BE275}.Release|x64.ActiveCfg = Release|x64
		{E2074A4B-DF4A-459C-912D-A97D3B0BE275}.Release|x64.Build.0 = Release|x64
		{E2074A4B-DF4A-459C-912D-A97D3B0BE275}.Release|x86.ActiveCfg = Release|Win32
		{E2074A4B-DF4A-459C-912D-A97D3B0BE275}.Release|x86.Build.0 = Release|Win32
		{86FA1502-4195-4779-84B1-0FBF5EFE4B21}.Debug|x64.ActiveCfg = Debug|x64
		{86FA1502-4195-4779-84B1-0FBF5EFE4B21}.Debug|x64.Build.0 = Debug|x64
		{86FA1502-4195-4779-84B1-0FBF5EFE4B21}.Debug|x86.ActiveCfg = Debug|Win32
		{86FA1502-4195-4779-84B1-0FBF5EFE4B21}.Debug|x86.Build.0 = Debug|Win32
		{86FA1502-4195-4779-84B1-0FBF5EFE4B21}.Release|x64.ActiveCfg = Release|x64
		{86FA1502-4195-4779-84B1-0FBF5EFE4B21}.Release|x64.Build.0 = Release|x64
		{86FA1502-4195-4779-84B1-0FBF5EFE4B21}.Release|x86.ActiveCfg = Release|Win32
		{86FA1502-4195-4779-84B1-0FBF5EFE4B21}.Release|x86.Build.0 = Release|Win32
		{2F9DA8CF-55A8-49F4-AD9E-BAE27DED64E2}.Debug|x64.ActiveCfg = Debug|x64
		{2F9DA8CF-55A8-49F4-AD9E-BAE27DED64E2}.Debug|x64.Build.0 = Debug|x64
		{2F9DA8CF-55A8-49F4-AD9E-BAE27DED64E2}.Debug|x86.ActiveCfg = Debug|Win32
		{2F9DA8CF-55A8-49F4-AD9E-BAE27DED64E2}.Debug|x86.Build.0 = Debug|Win32
		{2F9DA8CF-55A8-49F4-AD9E-BAE27DED64E2}.Release|x64.ActiveCfg = Release|x64
		{2F9DA8CF-55A8-49F4-AD9E-BAE27DED64E2}.Release|x64.Build.0 = Release|x64
		{2F9DA8CF-55A8-49F4-AD9E-BAE27DED64E2}.Release|x86.ActiveCfg = Release|Win32
		{2F9DA8CF-55A8-49F4-AD9E-BAE27DED64E2}.Release|x86.Build.0 = Release|Win32
		{3F4A9EBD-161F-4B3C-B695-07BCBF55874F}.Debug|x64.ActiveCfg = Debug|x64
		{3F4A9EBD-161F-4B3C-B695-07BCBF55874F}.Debug|x64.Build.0 = Debug|x64
		{3F4A9EBD-161F-4B3C-B695-07BCBF55874F}.Debug|x86.ActiveCfg = Debug|Win32
		{3F4A9EBD-161F-4B3C-B695-07BCBF55874F}.Debug|x86.Build.0 = Debug|Win32
		{3F4A9EBD-161F-4B3C-B695-07BCBF55874F}.Release|x64.ActiveCfg = Release|x64
		{3F4A9EBD-161F-4B3C-B695-07BCBF55874F}.Release|x64.Build.0 = Release|x64
		{3F4A9EBD-161F-4B3C-B695-07BCBF55874F}.Release|x86.ActiveCfg = Release|Win32
		{3F4A9EBD-161F-4B3C-B695-07BCBF55874F}.Release|x86.Build.0 = Release|Win32
		{0A41255A-45EC-437B-ACA2-DA1441AB474C}.Debug|x64.ActiveCfg = Debug|x64
		{0A41255A-45EC-437B-ACA2-DA1441AB474C}.Debug|x64.Build.0 = Debug|x64
		{0A41255A-45EC-437B-ACA2-DA1441AB474C}.Debug|x86.ActiveCfg = Debug|Win32
		{0A41255A-45EC-437B-ACA2-DA1441AB474C}.Debug|x86.Build.0 = Debug|Win32
		{0A41255A-45EC-437B-ACA2-DA1441AB474C}.Release|x64.ActiveCfg = Release|x64
		{0A41255A-45EC-437B-ACA2-DA1441AB474C}.Release|x64.Build.0 = Release|x64
		{0A41255A-45EC-437B-ACA2-DA1441AB474C}.Release|x86.ActiveCfg = Release|Win32
		{0A41255A-45EC-437B-ACA2-DA1441AB474C}.Release|x86.Build.0 = Release|Win32
		{B7E97DFD-DBBC-40AB-86DF-71246C0C5133}.Debug|x64.ActiveCfg = Debug|x64
		{B7E97DFD-DBBC-40AB-86DF-71246C0C5133}.Debug|x64.Build.0 = Debug|x64
		{B7E97DFD-DBBC-40AB-86DF-71246C0C5133}.Debug|x86.ActiveCfg = Debug|Win32
		{B7E97DFD-DBBC-40AB-86DF-71246C0C5133}.Debug|x86.Build.0 = Debug|Win32
		{B7E97DFD-DBBC-40AB-86DF-71246C0C5133}.Release|x64.ActiveCfg = Release|x64
		{B7E97DFD-DBBC-40AB-86DF-71246C0C5133}.Release|x64.Build.0 = Release|x64
		{B7E97DFD-DBBC-40AB-86DF-71246C0C5133}.Release|x86.ActiveCfg = Release|Win32
		{B7E97DFD-DBBC-40AB-86DF-71246C0C5133}.Release|x86.Build.0 = Release|Win32
		{78DE5968-1DFA-4374-82DA-430D99A44AE7}.Debug|x64.ActiveCfg = Debug|x64
		{78DE5968-1DFA-4374-82DA-430D99A44AE7}.Debug|x64.Build.0 = Debug|x64
		{78DE5968-1DFA-4374-82DA-430D99A44AE7}.Debug|x86.ActiveCfg = Debug|Win32
		{78DE5968-1DFA-4374-82DA-430D99A44AE7}.Debug|x86.Build.0 = Debug|Win32
		{78DE5968-1DFA-4374-82DA-430D99A44AE7}.Release|x64.ActiveCfg = Release|x64
		{78DE5968-1DFA-4374-82DA-430D99A44AE7}.Release|x64.Build.0 = Release|x64
		{78DE5968-1DFA-4374-82DA-430D99A44AE7}.Release|x86.ActiveCfg = Release|Win32
		{78DE5968-1DFA-4374-82DA-430D99A44AE7}.Release|x86.Build.0 = Release|Win32
		{C3BB5390-B3D2-4963-90D1-AA55B4F2857D}.Debug|x64.ActiveCfg = Debug|x64
		{C3BB5390-B3D2-4963-90D1-AA55B4F2857D}.Debug|x64.Build.0 = Debug|x64
		{C3BB5390-B3D2-4963-90D1-AA55B4F2857D}.Debug|x86.ActiveCfg = Debug|Win32
		{C3BB5390-B3D2-4963-90D1-AA55B4F2857D}.Debug|x86.Build.0 = Debug|Win32
		{C3BB5390-B3D2-4963-90D1-AA55B4F2857D}.Release|x64.ActiveCfg = Release|x64
		{C3BB5390-B3D2-4963-90D1-AA55B4F2857D}.Release|x64.Build.0 = Release|x64
		{C3BB5390-B3D2-4963-90D1-AA55B4F2857D}.Release|x86.ActiveCfg = Release|Win32
		{C3BB5390-B3D2-4963-90D1-AA55B4F2857D}.Release|x86.Build.0 = Release|Win32
		{7FDF324F-1C80-4849-BCEB-1966516E5B3A}.Debug|x64.ActiveCfg = Debug|x64
		{7FDF324F-1C80-4849-BCEB-1966516E5B3A}.Debug|x64.Build.0 = Debug|x64
		{7FDF324F-1C80-4849-BCEB-1966516E5B3A}.Debug|x86.ActiveCfg = Debug|Win32
		{7FDF324F-1C80-4849-BCEB-1966516E5B3A}.Debug|x86.Build.0 = Debug|Win32
		{7FDF324F-1C80-4849-BCEB-1966516E5B3A}.Release|x64.ActiveCfg = Release|x64
		{7FDF324F-1C80-4849-BCEB-1966516E5B3A}.Release|x64.Build.0 = Release|x64
		{7FDF324F-1C80-4849-BCEB-1966516E5B3A}.Release|x86.ActiveCfg = Release|Win32
		{7FDF324F-1C80-4849-BCEB-1966516E5B3A}.Release|x86.Build.0 = Release|Win32
		{18EA7255-CD20-4C15-9F60-03761D11CD71}.Debug|x64.ActiveCfg = Debug|x64
		{18EA7255-CD20-4C15-9F60-03761D11CD71}.Debug|x64.Build.0 = Debug|x64
		{18EA7255-CD20-4C15-9F60-03761D11CD71}.Debug|x86.ActiveCfg = Debug|Win32
		{18EA7255-CD20-4C15-9F60-03761D11CD71}.Debug|x86.Build.0 = Debug|Win32
		{18EA7255-CD20-4C15-9F60-03761D11CD71}.Release|x64.ActiveCfg = Release|x64
		{18EA7255-CD20-4C15-9F60-03761D11CD71}.Release|x64.Build.0 = Release|x64
		{18EA7255-CD20-4C15-9F60-03761D11CD71}.Release|x86.ActiveCfg = Release|Win32
		{18EA7255-CD20-4C15-9F60-03761D11CD71}.Release|x86.Build.0 = Release|Win32
		{5676424B-31D7-4918-8AB4-2A4EF4E63901}.Debug|x64.ActiveCfg = Debug|x64
		{5676424B-31D7-4918-8AB4-2A4EF4E63901}.Debug|x64.Build.0 = Debug|x64
		{5676424B-31D7-4918-8AB4-2A4EF4E63901}.Debug|x86.ActiveCfg = Debug|Win32
		{5676424B-31D7-4918-8AB4-2A4EF4E63901}.Debug|x86.Build.0 = Debug|Win32
		{5676424B-31D7-4918-8AB4-2A4EF4E63901}.Release|x64.ActiveCfg = Release|x64
		{5676424B-31D7-4918-8AB4-2A4EF4E63901}.Release|x64.Build.0 = Release|x64
		{5676424B-31D7-4918-8AB4-2A4EF4E63901}.Release|x86.ActiveCfg = Release|Win32
		{5676424B-31D7-4918-8AB4-2A4EF4E63901}.Release|x86.Build.0 = Release|Win32
		{0BCC2110-8684-411C-A33A-BC5450662529}.Debug|x64.ActiveCfg = Debug|x64
		{0BCC2110-8684-411C-A33A-BC5450662529}.Debug|x64.Build.0 = Debug|x64
		{0BCC2110-8684-411C-A33A-BC5450662529}.Debug|x86.ActiveCfg = Debug|Win32
		{0BCC2110-8684-411C-A33A-BC5450662529}.Debug|x86.Build.0 = Debug|Win32
		{0BCC2110-8684-411C-A33A-BC5450662529}.Release|x64.ActiveCfg = Release|x64
		{0BCC2110-8684-411C-A33A-BC5450662529}.Release|x64.Build.0 = Release|x64
		{0BCC2110-8684-411C-A33A-BC5450662529}.Release|x86.ActiveCfg = Release|Win32
		{0BCC2110-8684-411C-A33A-BC5450662529}.Release|x86.Build.0 = Release|Win32
		{82D61750-B299-4DD0-ABBE-FDE5DE527241}.Debug|x64.ActiveCfg = Debug|x64
		{82D61750-B299-4DD0-ABBE-FDE5DE527241}.Debug|x64.Build.0 = Debug|x64
		{82D61750-B299-4DD0-ABBE-FDE5DE527241}.Debug|x86.ActiveCfg = Debug|Win32
		{82D61750-B299-4DD0-ABBE-FDE5DE527241}.Debug|x86.Build.0 = Debug|Win32
		{82D61750-B299-4DD0-ABBE-FDE5DE527241}.Release|x64.ActiveCfg = Release|x64
		{82D61750-B299-4DD0-ABBE-FDE5DE527241}.Release|x64.Build.0 = Release|x64
		{82D61750-B299-4DD0-ABBE-FDE5DE527241}.Release|x86.ActiveCfg = Release|Win32
		{82D61750-B299-4DD0-ABBE-FDE5DE527241}.Release|x86.Build.0 = Release|Win32
		{C28BBB52-7BDD-4EC2-A439-5872642B30E0}.Debug|x64.ActiveCfg = Debug|x64
		{C28BBB52-7BDD-4EC2-A439-5872642B30E0}.Debug|x64.Build.0 = Debug|x64
		{C28BBB52-7BDD-4EC2-A439-5872642B30E0}.Debug|x86.ActiveCfg = Debug|Win32
		{C28BBB52-7BDD-4EC2-A439-5872642B30E0}.Debug|x86.Build.0 = Debug|Win32
		{C28BBB52-7BDD-4EC2-A439-5872642B30E0}.Release|x64.ActiveCfg = Release|x64
		{C28BBB52-7BDD-4EC2-A439-5872642B30E0}.Release|x64.Build.0 = Release|x64
		{C28BBB52-7BDD-4EC2-A439-5872642B30E0}.Release|x86.ActiveCfg = Release|Win32
		{C28BBB52-7BDD-4EC2-A439-5872642B30E0}.Release|x86.Build.0 = Release|Win32
		{6F6AFF77-8766-42E0-BE09-16E45B39A595}.Debug|x64.ActiveCfg = Debug|x64
		{6F6AFF77-8766-42E0-BE09-16E45B39A595}.Debug|x64.Build.0 = Debug|x64
		{6F6AFF77-8766-42E0-BE09-16E45B39A595}.Debug|x86.ActiveCfg = Debug|Win32
		{6F6AFF77-8766-42E0-BE09-16E45B39A595}.Debug|x86.Build.0 = Debug|Win32
		{6F6AFF77-8766-42E0-BE09-16E45B39A595}.Release|x64.ActiveCfg = Release|x64
		{6F6AFF77-8766-42E0-BE09-16E45B39A595}.Release|x64.Build.0 = Release|x64
		{6F6AFF77-8766-42E0-BE09-16E45B39A595}.Release|x86.ActiveCfg = Release|Win32
		{6F6AFF77-8766-42E0-BE09-16E45B39A595}.Release|x86.Build.0 = Release|Win32
		{7E41BDDE-3818-451C-A6BD-D8709B1EDCA6}.Debug|x64.ActiveCfg = Debug|x64
		{7E41BDDE-3818-451C-A6BD-D8709B1EDCA6}.Debug|x64.Build.0 = Debug|x64
		{7E41BDDE-3818-451C-A6BD-D8709B1EDCA6}.Debug|x86.ActiveCfg = Debug|Win32
		{7E41BDDE-3818-451C-A6BD-D8709B1EDCA6}.Debug|x86.Build.0 = Debug|Win32
		{7E41BDDE-3818-451C-A6BD-D8709B1EDCA6}.Release|x64.ActiveCfg = Release|x64
		{7E41BDDE-3818-451C-A6BD-D8709B1EDCA6}.Release|x64.Build.0 = Release|x64
		{7E41BDDE-3818-451C-A6BD-D8709B1EDCA6}.Release|x86.ActiveCfg = Release|Win32
		{7E41BDDE-3818-451C-A6BD-D8709B1EDCA6}.Release|x86.Build.0 = Release|Win32
		{87A2368A-14DC-4FBC-AD93-6AC9EA336B0F}.Debug|x64.ActiveCfg = Debug|x64
		{87A2368A-14DC-4FBC-AD93-6AC9EA336B0F}.Debug|x64.Build.0 = Debug|x64
		{87A2368A-14DC-4FBC-AD93-6AC9EA336B0F}.Debug|x86.ActiveCfg = Debug|Win32
		{87A2368A-14DC-4FBC-AD93-6AC9EA336B0F}.Debug|x86.Build.0 = Debug|Win32
		{87A2368A-14DC-4FBC-AD93-6AC9EA336B0F}.Release|x64.ActiveCfg = Release|x64
		{87A2368A-14DC-4FBC-AD93-6AC9EA336B0F}.Release|x64.Build.0 = Release|x64
		{87A2368A-14DC-4FBC-AD93-6AC9EA336B0F}.Release|x86.ActiveCfg = Release|Win32
		{87A2368A-14DC-4FBC-AD93-6AC9EA336B0F}.Release|x86.Build.0 = Release|Win32
		{986BCBDF-EA33-4174-94F9-EF864ECB5F4C}.Debug|x64.ActiveCfg = Debug|x64
		{986BCBDF-EA33-4174-94F9-EF864ECB5F4C}.Debug|x64.Build.0 = Debug|x64
		{986BCBDF-EA33-4174-94F9-EF864ECB5F4C}.Debug|x86.ActiveCfg = Debug|Win32
		{986BCBDF-EA33-4174-94F9-EF864ECB5F4C}.Debug|x86.Build.0 = Debug|Win32
		{986BCBDF-EA33-4174-94F9-EF864ECB5F4C}.Release|x64.ActiveCfg = Release|x64
		{986BCBDF-EA33-4174-94F9-EF864ECB5F4C}.Release|x64.Build.0 = Release|x64
		{986BCBDF-EA33-4174-94F9-EF864ECB5F4C}.Release|x86.ActiveCfg = Release|Win32
		{986BCBDF-EA33-4174-94F9-EF864ECB5F4C}.Release|x86.Build.0 = Release|Win32
		{442CA9DE-7AB2-4AC8-B443-3FE2CE9C5B37}.Debug|x64.ActiveCfg = Debug|x64
		{442CA9DE-7AB2-4AC8-B443-3FE2CE9C5B37}.Debug|x64.Build.0 = Debug|x64
		{442CA9DE-7AB2-4AC8-B443-3FE2CE9C5B37}.Debug|x86.ActiveCfg = Debug|Win32
		{442CA9DE-7AB2-4AC8-B443-3FE2CE9C5B37}.Debug|x86.Build.0 = Debug|Win32
		{442CA9DE-7AB2-4AC8-B443-3FE2CE9C5B37}.Release|x64.ActiveCfg = Release|x64
		{442CA9DE-7AB2-4AC8-B443-3FE2CE9C5B37}.Release|x64.Build.0 = Release|x64
		{442CA9DE-7AB2-4AC8-B443-3FE2CE9C5B37}.Release|x86.ActiveCfg = Release|Win32
		{442CA9DE-7AB2-4AC8-B443-3FE2CE9C5B37}.Release|x86.Build.0 = Release|Win32
		{DBCAC006-8995-4D33-96DB-F9E8AA37E21B}.Debug|x64.ActiveCfg = Debug|x64
		{DBCAC006-8995-4D33-96DB-F9E8AA37E21B}.Debug|x64.Build.0 = Debug|x64
		{DBCAC006-8995-4D33-96DB-F9E8AA37E21B}.Debug|x86.ActiveCfg = Debug|Win32
		{DBCAC006-8995-4D33-96DB-F9E8AA37E21B}.Debug|x86.Build.0 = Debug|Win32
		{DBCAC006-8995-4D33-96DB-F9E8AA37E21B}.Release|x64.ActiveCfg = Release|x64
		{DBCAC006-8995-4D33-96DB-F9E8AA37E21B}.Release|x64.Build.0 = Release|x64
		{DBCAC006-8995-4D33-96DB-F9E8AA37E21B}.Release|x86.ActiveCfg = Release|Win32
		{DBCAC006-8995-4D33-96DB-F9E8AA37E21B}.Release|x86.Build.0 = Release|Win32
		{2DBAD008-F954-4570-A007-078DBD23B235}.Debug|x64.ActiveCfg = Debug|x64
		{2DBAD008-F954-4570-A007-078DBD23B235}.Debug|x64.Build.0 = Debug|x64
		{2DBAD008-F954-4570-A007-078DBD23B235}.Debug|x86.ActiveCfg = Debug|Win32
		{2DBAD008-F954-4570-A007-078DBD23B235}.Debug|x86.Build.0 = Debug|Win32
		{2DBAD008-F954-4570-A007-078DBD23B235}.Release|x64.ActiveCfg = Release|x64
		{2DBAD008-F954-4570-A007-078DBD23B235}.Release|x64.Build.0 = Release|x64
		{2DBAD008-F954-4570-A007-078DBD23B235}.Release|x86.ActiveCfg = Release|Win32
		{2DBAD008-F954-4570-A007-078DBD23B235}.Release|x86.Build.0 = Release|Win32
		{53DC8703-2E16-4962-B239-40420B5B1955}.Debug|x64.ActiveCfg = Debug|x64
		{53DC8703-2E16-4962-B239-40420B5B1955}.Debug|x64.Build.0 = Debug|x64
		{53DC8703-2E16-4962-B239-40420B5B1955}.Debug|x86.ActiveCfg = Debug|Win32
		{53DC8703-2E16-4962-B239-40420B5B1955}.Debug|x86.Build.0 = Debug|Win32
		{53DC8703-2E16-4962-B239-40420B5B1955}.Release|x64.ActiveCfg = Release|x64
		{53DC8703-2E16-4962-B239-40420B5B1955}.Release|x64.Build.0 = Release|x64
		{53DC8703-2E16-4962-B239-40420B5B1955}.Release|x86.ActiveCfg = Release|Win32
		{53DC8703-2E16-4962-B239-40420B5B1955}.Release|x86.Build.0 = Release|Win32
		{AB00AC72-C330-4D68-8532-1B0682E932E9}.Debug|x64.ActiveCfg = Debug|x64
		{AB00AC72-C330-4D68-8532-1B0682E932E9}.Debug|x64.Build.0 = Debug|x64
		{AB00AC72-C330-4D68-8532-1B0682E932E9}.Debug|x86.ActiveCfg = Debug|Win32
		{AB00AC72-C330-4D68-8532-1B0682E932E9}.Debug|x86.Build.0 = Debug|Win32
		{AB00AC72-C330-4D68-8532-1B0682E932E9}.Release|x64.ActiveCfg = Release|x64
		{AB00AC72-C330-4D68-8532-1B0682E932E9}.Release|x64.Build.0 = Release|x64
		{AB00AC72-C330-4D68-8532-1B0682E932E9}.Release|x86.ActiveCfg = Release|Win32
		{AB00AC72-C330-4D68-8532-1B0682E932E9}.Release|x86.Build.0 = Release|Win32
		{660CCD71-4782-42A4-B294-766878E75ACB}.Debug|x64.ActiveCfg = Debug|x64
		{660CCD71-4782-42A4-B294-766878E75ACB}.Debug|x64.Build.0 = Debug|x64
		{660CCD71-4782-42A4-B294-766878E75ACB}.Debug|x86.ActiveCfg = Debug|Win32
		{660CCD71-4782-42A4-B294-766878E75ACB}.Debug|x86.Build.0 = Debug|Win32
		{660CCD71-4782-42A4-B294-766878E75ACB}.Release|x64.ActiveCfg = Release|x64
		{660CCD71-4782-42A4-B294-766878E75ACB}.Release|x64.Build.0 = Release|x64
		{660CCD71-4782-42A4-B294-766878E75ACB}.Release|x86.ActiveCfg = Release|Win32
		{660CCD71-4782-42A4-B294-766878E75ACB}.Release|x86.Build.0 = Release|Win32
		{04447508-7FAC-47D4-877F-665A1809F73A}.Debug|x64.ActiveCfg = Debug|x64
		{04447508-7FAC-47D4-877F-665A1809F73A}.Debug|x64.Build.0 = Debug|x64
		{04447508-7FAC-47D4-877F-665A1809F73A}.Debug|x86.ActiveCfg = Debug|Win32
		{04447508-7FAC-47D4-877F-665A1809F73A}.Debug|x86.Build.0 = Debug|Win32
		{04447508-7FAC-47D4-877F-665A1809F73A}.Release|x64.ActiveCfg = Release|x64
		{04447508-7FAC-47D4-877F-665A1809F73A}.Release|x64.Build.0 = Release|x64
		{04447508-7FAC-47D4-877F-665A1809F73A}.Release|x86.ActiveCfg = Release|Win32
		{04447508-7FAC-47D4-877F-665A1809F73A}.Release|x86.Build.0 = Release|Win32
		{D8D3F4F9-952B-4E22-92EF-9C7DA8A8D9CA}.Debug|x64.ActiveCfg = Debug|x64
		{D8D3F4F9-952B-4E22-92EF-9C7DA8A8D9CA}.Debug|x64.Build.0 = Debug|x64
		{D8D3F4F9-952B-4E22-92EF-9C7DA8A8D9CA}.Debug|x86.ActiveCfg = Debug|Win32
		{D8D3F4F9-952B-4E22-92EF-9C7DA8A8D9CA}.Debug|x86.Build.0 = Debug|Win32
		{D8D3F4F9-952B-4E22-92EF-9C7DA8A8D9CA}.Release|x64.ActiveCfg = Release|x64
		{D8D3F4F9-952B-4E22-92EF-9C7DA8A8D9CA}.Release|x64.Build.0 = Release|x64
		{D8D3F4F9-952B-4E22-92EF-9C7DA8A8D9CA}.Release|x86.ActiveCfg = Release|Win32
		{D8D3F4F9-952B-4E22-92EF-9C7DA8A8D9CA}.Release|x86.Build.0 = Release|Win32
		{B5650A7D-C9DA-48C3-8D15-8EEADDEA2699}.Debug|x64.ActiveCfg = Debug|x64
		{B5650A7D-C9DA-48C3-8D15-8EEADDEA2699}.Debug|x64.Build.0 = Debug|x64
		{B5650A7D-C9DA-48C3-8D15-8EEADDEA2699}.Debug|x86.ActiveCfg = Debug|Win32
		{B5650A7D-C9DA-48C3-8D15-8EEADDEA2699}.Debug|x86.Build.0 = Debug|Win32
		{B5650A7D-C9DA-48C3-8D15-8EEADDEA2699}.Release|x64.ActiveCfg = Release|x64
		{B5650A7D-C9DA-48C3-8D15-8EEADDEA2699}.Release|x64.Build.0 = Release|x64
		{B5650A7D-C9DA-48C3-8D15-8EEADDEA2699}.Release|x86.ActiveCfg = Release|Win32
		{B5650A7D-C9DA-48C3-8D15-8EEADDEA2699}.Release|x86.Build.0 = Release|Win32
		{1810DEB6-530C-47AE-B92F-6AC5F46FF5D7}.Debug|x64.ActiveCfg = Debug|x64
		{1810DEB6-530C-47AE-B92F-6AC5F46FF5D7}.Debug|x64.Build.0 = Debug|x64
		{1810DEB6-530C-47AE-B92F-6AC5F46FF5D7}.Debug|x86.ActiveCfg = Debug|Win32
		{1810DEB6-530C-47AE-B92F-6AC5F46FF5D7}.Debug|x86.Build.0 = Debug|Win32
		{1810DEB6-530C-47AE-B92F-6AC5F46FF5D7}.Release|x64.ActiveCfg = Release|x64
		{1810DEB6-530C-47AE-B92F-6AC5F46FF5D7}.Release|x64.Build.0 = Release|x64
		{1810DEB6-530C-47AE-B92F-6AC5F46FF5D7}.Release|x86.ActiveCfg = Release|Win32
		{1810DEB6-530C-47AE-B92F-6AC5F46FF5D7}.Release|x86.Build.0 = Release|Win32
		{E6FD8E65-77A3-4E9A-8785-CE413C708BA7}.Debug|x64.ActiveCfg = Debug|x64
		{E6FD8E65-77A3-4E9A-8785-CE413C708BA7}.Debug|x64.Build.0 = Debug|x64
		{E6FD8E65-77A3-4E9A-8785-CE413C708BA7}.Debug|x86.ActiveCfg = Debug|Win32
		{E6FD8E65-77A3-4E9A-8785-CE413C708BA7}.Debug|x86.Build.0 = Debug|Win32
		{E6FD8E65-77A3-4E9A-8785-CE413C708BA7}.Release|x64.ActiveCfg = Release|x64
		{E6FD8E65-77A3-4E9A-8785-CE413C708BA7}.Release|x64.Build.0 = Release|x64
		{E6FD8E65-77A3-4E9A-8785-CE413C708BA7}.Release|x86.ActiveCfg = Release|Win32
		{E6FD8E65-77A3-4E9A-8785-CE413C708BA7}.Release|x86.Build.0 = Release|Win32
		{609C57FD-2376-4406-828A-1B64271DA84A}.Debug|x64.ActiveCfg = Debug|x64
		{609C57FD-2376-4406-828A-1B64271DA84A}.Debug|x64.Build.0 = Debug|x64
		{609C57FD-2376-4406-828A-1B64271DA84A}.Debug|x86.ActiveCfg = Debug|Win32
		{609C57FD-2376-4406-828A-1B64271DA84A}.Debug|x86.Build.0 = Debug|Win32
		{609C57FD-2376-4406-828A-1B64271DA84A}.Release|x64.ActiveCfg = Release|x64
		{609C57FD-2376-4406-828A-1B64271DA84A}.Release|x64.Build.0 = Release|x64
		{609C57FD-2376-4406-828A-1B64271DA84A}.Release|x86.ActiveCfg = Release|Win32
		{609C57FD-2376-4406-828A-1B64271DA84A}.Release|x86.Build.0 = Release|Win32
		{92B3EBBF-3A15-4AB6-BAC3-48065679F236}.Debug|x64.ActiveCfg = Debug|x64
		{92B3EBBF-3A15-4AB6-BAC3-48065679F236}.Debug|x64.Build.0 = Debug|x64
		{92B3EBBF-3A15-4AB6-BAC3-48065679F236}.Debug|x86.ActiveCfg = Debug|Win32
		{92B3EBBF-3A15-4AB6-BAC3-48065679F236}.Debug|x86.Build.0 = Debug|Win32
		{92B3EBBF-3A15-4AB6-BAC3-48065679F236}.Release|x64.ActiveCfg = Release|x64
		{92B3EBBF-3A15-4AB6-BAC3-48065679F236}.Release|x64.Build.0 = Release|x64
		{92B3EBBF-3A15-4AB6-BAC3-48065679F236}.Release|x86.ActiveCfg = Release|Win32
		{92B3EBBF-3A15-4AB6-BAC3-48065679F236}.Release|x86.Build.0 = Release|Win32
		{3B7622DE-4ABE-4BFF-823C-BAD1981BC2B4}.Debug|x64.ActiveCfg = Debug|x64
		{3B7622DE-4ABE-4BFF-823C-BAD1981BC2B4}.Debug|x64.Build.0 = Debug|x64
		{3B7622DE-4ABE-4BFF-823C-BAD1981BC2B4}.Debug|x86.ActiveCfg = Debug|Win32
		{3B7622DE-4ABE-4BFF-823C-BAD1981BC2B4}.Debug|x86.Build.0 = Debug|Win32
		{3B7622DE-4ABE-4BFF-823C-BAD1981BC2B4}.Release|x64.ActiveCfg = Release|x64
		{3B7622DE-4ABE-4BFF-823C-BAD1981BC2B4}.Release|x64.Build.0 = Release|x64
		{3B7622DE-4ABE-4BFF-823C-BAD1981BC2B4}.Release|x86.ActiveCfg = Release|Win32
		{3B7622DE-4ABE-4BFF-823C-BAD1981BC2B4}.Release|x86.Build.0 = Release|Win32
		{DC142EBB-36FD-4A5E-81BF-7E6E94C979F6}.Debug|x64.ActiveCfg = Debug|x64
		{DC142EBB-36FD-4A5E-81BF-7E6E94C979F6}.Debug|x64.Build.0 = Debug|x64
		{DC142EBB-36FD-4A5E-81BF-7E6E94C979F6}.Debug|x86.ActiveCfg = Debug|Win32
		{DC142EBB-36FD-4A5E-81BF-7E6E94C979F6}.Debug|x86.Build.0 = Debug|Win32
		{DC142EBB-36FD-4A5E-81BF-7E6E94C979F6}.Release|x64.ActiveCfg = Release|x64
		{DC142EBB-36FD-4A5E-81BF-7E6E94C979F6}.Release|x64.Build.0 = Release|x64
		{DC142EBB-36FD-4A5E-81BF-7E6E94C979F6}.Release|x86.ActiveCfg = Release|Win32
		{DC142EBB-36FD-4A5E-81BF-7E6E94C979F6}.Release|x86.Build.0 = Release|Win32
		{4016BA48-747F-48E4-B197-5359322B5D70}.Debug|x64.ActiveCfg = Debug|x64
		{4016BA48-747F-48E4-B197-5359322B5D70}.Debug|x64.Build.0 = Debug|x64
		{4016BA48-747F-48E4-B197-5359322B5D70}.Debug|x86.ActiveCfg = Debug|Win32
		{4016BA48-747F-48E4-B197-5359322B5D70}.Debug|x86.Build.0 = Debug|Win32
		{4016BA48-747F-48E4-B197-5359322B5D70}.Release|x64.ActiveCfg = Release|x64
		{4016BA48-747F-48E4-B197-5359322B5D70}.Release|x64.Build.0 = Release|x64
		{4016BA48-747F-48E4-B197-5359322B5D70}.Release|x86.ActiveCfg = Release|Win32
		{4016BA48-747F-48E4-B197-5359322B5D70}.Release|x86.Build.0 = Release|Win32
		{142E15DC-C630-4E80-B034-ACBDE77FF634}.Debug|x64.ActiveCfg = Debug|x64
		{142E15DC-C630-4E80-B034-ACBDE77FF634}.Debug|x64.Build.0 = Debug|x64
		{142E15DC-C630-4E80-B034-ACBDE77FF634}.Debug|x86.ActiveCfg = Debug|Win32
		{142E15DC-C630-4E80-B034-ACBDE77FF634}.Debug|x86.Build.0 = Debug|Win32
		{142E15DC-C630-4E80-B034-ACBDE77FF634}.Release|x64.ActiveCfg = Release|x64
		{142E15DC-C630-4E80-B034-ACBDE77FF634}.Release|x64.Build.0 = Release|x64
		{142E15DC-C630-4E80-B034-ACBDE77FF634}.Release|x86.ActiveCfg = Release|Win32
		{142E15DC-C630-4E80-B034-ACBDE77FF634}.Release|x86.Build.0 = Release|Win32
		{86D565D7-30A5-448A-886D-A9A058435412}.Debug|x64.ActiveCfg = Debug|x64
		{86D565D7-30A5-448A-886D-A9A058435412}.Debug|x64.Build.0 = Debug|x64
		{86D565D7-30A5-448A-886D-A9A058435412}.Debug|x86.ActiveCfg = Debug|Win32
		{86D565D7-30A5-448A-886D-A9A058435412}.Debug|x86.Build.0 = Debug|Win32
		{86D565D7-30A5-448A-886D-A9A058435412}.Release|x64.ActiveCfg = Release|x64
		{86D565D7-30A5-448A-886D-A9A058435412}.Release|x64.Build.0 = Release|x64
		{86D565D7-30A5-448A-886D-A9A058435412}.Release|x86.ActiveCfg = Release|Win32
		{86D565D7-30A5-448A-886D-A9A058435412}.Release|x86.Build.0 = Release|Win32
		{D3BA3D93-15BC-484D-A2A7-9F41E9D3E19F}.Debug|x64.ActiveCfg = Debug|x64
		{D3BA3D93-15BC-484D-A2A7-9F41E9D3E19F}.Debug|x64.Build.0 = Debug|x64
		{D3BA3D93-15BC-484D-A2A7-9F41E9D3E19F}.Debug|x86.ActiveCfg = Debug|Win32
		{D3BA3D93-15BC-484D-A2A7-9F41E9D3E19F}.Debug|x86.Build.0 = Debug|Win32
		{D3BA3D93-15BC-484D-A2A7-9F41E9D3E19F}.Release|x64.ActiveCfg = Release|x64
		{D3BA3D93-15BC-484D-A2A7-9F41E9D3E19F}.Release|x64.Build.0 = Release|x64
		{D3BA3D93-15BC-484D-A2A7-9F41E9D3E19F}.Release|x86.ActiveCfg = Release|Win32
		{D3BA3D93-15BC-484D-A2A7-9F41E9D3E19F}.Release|x86.Build.0 = Release|Win32
		{2EE90AC4-D527-43C5-BBF9-0C02535C0C68}.Debug|x64.ActiveCfg = Debug|x64
		{2EE90AC4-D527-43C5-BBF9-0C02535C0C68}.Debug|x64.Build.0 = Debug|x64
		{2EE90AC4-D527-43C5-BBF9-0C02535C0C68}.Debug|x86.ActiveCfg = Debug|Win32
		{2EE90AC4-D527-43C5-BBF9-0C02535C0C68}.Debug|x86.Build.0 = Debug|Win32
		{2EE90AC4-D527-43C5-BBF9-0C02535C0C68}.Release|x64.ActiveCfg = Release|x64
		{2EE90AC4-D527-43C5-BBF9-0C02535C0C68}.Release|x64.Build.0 = Release|x64
		{2EE90AC4-D527-43C5-BBF9-0C02535C0C68}.Release|x86.ActiveCfg = Release|Win32
		{2EE90AC4-D527-43C5-BBF9-0C02535C0C68}.Release|x86.Build.0 = Release|Win32
		{18A20F45-8BDD-4B63-95BF-49DFFB649C73}.Debug|x64.ActiveCfg = Debug|x64
		{18A20F45-8BDD-4B63-95BF-49DFFB649C73}.Debug|x64.Build.0 = Debug|x64
		{18A20F45-8BDD-4B63-95BF-49DFFB649C73}.Debug|x86.ActiveCfg = Debug|Win32
		{18A20F45-8BDD-4B63-95BF-49DFFB649C73}.Debug|x86.Build.0 = Debug|Win32
		{18A20F45-8BDD-4B63-95BF-49DFFB649C73}.Release|x64.ActiveCfg = Release|x64
		{18A20F45-8BDD-4B63-95BF-49DFFB649C73}.Release|x64.Build.0 = Release|x64
		{18A20F45-8BDD-4B63-95BF-49DFFB649C73}.Release|x86.ActiveCfg = Release|Win32
		{18A20F45-8BDD-4B63-95BF-49DFFB649C73}.Release|x86.Build.0 = Release|Win32
		{A8662004-FD01-4803-80B0-FD6D4909EC6C}.Debug|x64.ActiveCfg = Debug|x64
		{A8662004-FD01-4803-80B0-FD6D4909EC6C}.Debug|x64.Build.0 = Debug|x64
		{A8662004-FD01-4803-80B0-FD6D4909EC6C}.Debug|x86.ActiveCfg = Debug|Win32
		{A8662004-FD01-4803-80B0-FD6D4909EC6C}.Debug|x86.Build.0 = Debug|Win32
		{A8662004-FD01-4803-80B0-FD6D4909EC6C}.Release|x64.ActiveCfg = Release|x64
		{A8662004-FD01-4803-80B0-FD6D4909EC6C}.Release|x64.Build.0 = Release|x64
		{A8662004-FD01-4803-80B0-FD6D4909EC6C}.Release|x86.ActiveCfg = Release|Win32
		{A8662004-FD01-4803-80B0-FD6D4909EC6C}.Release|x86.Build.0 = Release|Win32
		{EB21BAAE-8A1E-4979-82F2-1B1A88A3B52A}.Debug|x64.ActiveCfg = Debug|x64
		{EB21BAAE-8A1E-4979-82F2-1B1A88A3B52A}.Debug|x64.Build.0 = Debug|x64
		{EB21BAAE-8A1E-4979-82F2-1B1A88A3B52A}.Debug|x86.ActiveCfg = Debug|Win32
		{EB21BAAE-8A1E-4979-82F2-1B1A88A3B52A}.Debug|x86.Build.0 = Debug|Win32
		{EB21BAAE-8A1E-4979-82F2-1B1A88A3B52A}.Release|x64.ActiveCfg = Release|x64
		{EB21BAAE-8A1E-4979-82F2-1B1A88A3B52A}.Release|x64.Build.0 = Release|x64
		{EB21BAAE-8A1E-4979-82F2-1B1A88A3B52A}.Release|x86.ActiveCfg = Release|Win32
		{EB21BAAE-8A1E-4979-82F2-1B1A88A3B52A}.Release|x86.Build.0 = Release|Win32
		{BD9E835D-413A-450D-8289-615C502E756A}.Debug|x64.ActiveCfg = Debug|x64
		{BD9E835D-413A-450D-8289-615C502E756A}.Debug|x64.Build.0 = Debug|x64
		{BD9E835D-413A-450D-8289-615C502E756A}.Debug|x86.ActiveCfg = Debug|Win32
		{BD9E835D-413A-450D-8289-615C502E756A}.Debug|x86.Build.0 = Debug|Win32
		{BD9E835D-413A-450D-8289-615C502E756A}.Release|x64.ActiveCfg = Release|x64
		{BD9E835D-413A-450D-8289-615C502E756A}.Release|x64.Build.0 = Release|x64
		{BD9E835D-413A-450D-8289-615C502E756A}.Release|x86.ActiveCfg = Release|Win32
		{BD9E835D-413A-450D-8289-615C502E756A}.Release|x86.Build.0 = Release|Win32
		{97B7369C-6456-43E8-9251-F969C130FDFD}.Debug|x64.ActiveCfg = Debug|x64
		{97B7369C-6456-43E8-9251-F969C130FDFD}.Debug|x64.Build.0 = Debug|x64
		{97B7369C-6456-43E8-9251-F969C130FDFD}.Debug|x86.ActiveCfg = Debug|Win32
		{97B7369C-6456-43E8-9251-F969C130FDFD}.Debug|x86.Build.0 = Debug|Win32
		{97B7369C-6456-43E8-9251-F969C130FDFD}.Release|x64.ActiveCfg = Release|x64
		{97B7369C-6456-43E8-9251-F969C130FDFD}.Release|x64.Build.0 = Release|x64
		{97B7369C-6456-43E8-9251-F969C130FDFD}.Release|x86.ActiveCfg = Release|Win32
		{97B7369C-6456-43E8-9251-F969C130FDFD}.Release|x86.Build.0 = Release|Win32
		{BB6A94D1-3200-4732-BD34-A6D8E8CD4E07}.Debug|x64.ActiveCfg = Debug|x64
		{BB6A94D1-3200-4732-BD34-A6D8E8CD4E07}.Debug|x64.Build.0 = Debug|x64
		{BB6A94D1-3200-4732-BD34-A6D8E8CD4E07}.Debug|x86.ActiveCfg = Debug|Win32
		{BB6A94D1-3200-4732-BD34-A6D8E8CD4E07}.Debug|x86.Build.0 = Debug|Win32
		{BB6A94D1-3200-4732-BD34-A6D8E8CD4E07}.Release|x64.ActiveCfg = Release|x64
		{BB6A94D1-3200-4732-BD34-A6D8E8CD4E07}.Release|x64.Build.0 = Release|x64
		{BB6A94D1-3200-4732-BD34-A6D8E8CD4E07}.Release|x86.ActiveCfg = Release|Win32
		{BB6A94D1-3200-4732-BD34-A6D8E8CD4E07}.Release|x86.Build.0 = Release|Win32
		{499C09B0-DA91-4E5A-B96F-58DE69D5D3D4}.Debug|x64.ActiveCfg = Debug|x64
		{499C09B0-DA91-4E5A-B96F-58DE69D5D3D4}.Debug|x64.Build.0 = Debug|x64
		{499C09B0-DA91-4E5A-B96F-58DE69D5D3D4}.Debug|x86.ActiveCfg = Debug|Win32
		{499C09B0-DA91-4E5A-B96F-58DE69D5D3D4}.Debug|x86.Build.0 = Debug|Win32
		{499C09B0-DA91-4E5A-B96F-58DE69D5D3D4}.Release|x64.ActiveCfg = Release|x64
		{499C09B0-DA91-4E5A-B96F-58DE69D5D3D4}.Release|x64.Build.0 = Release|x64
		{499C09B0-DA91-4E5A-B96F-58DE69D5D3D4}.Release|x86.ActiveCfg = Release|Win32
		{499C09B0-DA91-4E5A-B96F-58DE69D5D3D4}.Release|x86.Build.0 = Release|Win32
		{804F8617-A0DF-473F-95E8-3CBAC3AF1226}.Debug|x64.ActiveCfg = Debug|x64
		{804F8617-A0DF-473F-95E8-3CBAC3AF1226}.Debug|x64.Build.0 = Debug|x64
		{804F8617-A0DF-473F-95E8-3CBAC3AF1226}.Debug|x86.ActiveCfg = Debug|Win32
		{804F8617-A0DF-473F-95E8-3CBAC3AF1226}.Debug|x86.Build.0 = Debug|Win32
		{804F8617-A0DF-473F-95E8-3CBAC3AF1226}.Release|x64.ActiveCfg = Release|x64
		{804F8617-A0DF-473F-95E8-3CBAC3AF1226}.Release|x64.Build.0 = Release|x64
		{804F8617-A0DF-473F-95E8-3CBAC3AF1226}.Release|x86.ActiveCfg = Release|Win32
		{804F8617-A0DF-473F-95E8-3CBAC3AF1226}.Release|x86.Build.0 = Release|Win32
		{C8686420-FCA7-41A0-AF64-A1B438E2B143}.Debug|x64.ActiveCfg = Debug|x64
		{C8686420-FCA7-41A0-AF64-A1B438E2B143}.Debug|x64.Build.0 = Debug|x64
		{C8686420-FCA7-41A0-AF64-A1B438E2B143}.Debug|x86.ActiveCfg = Debug|Win32
		{C8686420-FCA7-41A0-AF64-A1B438E2B143}.Debug|x86.Build.0 = Debug|Win32
		{C8686420-FCA7-41A0-AF64-A1B438E2B143}.Release|x64.ActiveCfg = Release|x64
		{C8686420-FCA7-41A0-AF64-A1B438E2B143}.Release|x64.Build.0 = Release|x64
		{C8686420-FCA7-41A0-AF64-A1B438E2B143}.Release|x86.ActiveCfg = Release|Win32
		{C8686420-FCA7-41A0-AF64-A1B438E2B143}.Release|x86.Build.0 = Release|Win32
		{9D663C9F-270C-4676-8144-7E876D4F467F}.Debug|x64.ActiveCfg = Debug|x64
		{9D663C9F-270C-4676-8144-7E876D4F467F}.Debug|x64.Build.0 = Debug|x64
		{9D663C9F-270C-4676-8144-7E876D4F467F}.Debug|x86.ActiveCfg = Debug|Win32
		{9D663C9F-270C-4676-8144-7E876D4F467F}.Debug|x86.Build.0 = Debug|Win32
		{9D663C9F-270C-4676-8144-7E876D4F467F}.Release|x64.ActiveCfg = Release|x64
		{9D663C9F-270C-4676-8144-7E876D4F467F}.Release|x64.Build.0 = Release|x64
		{9D663C9F-270C-4676-8144-7E876D4F467F}.Release|x86.ActiveCfg = Release|Win32
		{9D663C9F-270C-4676-8144-7E876D4F467F}.Release|x86.Build.0 = Release|Win32
		{CC3F09CE-0FCB-4B63-9D34-A064AC855470}.Debug|x64.ActiveCfg = Debug|x64
		{CC3F09CE-0FCB-4B63-9D34-A064AC855470}.Debug|x64.Build.0 = Debug|x64
		{CC3F09CE-0FCB-4B63-9D34-A064AC855470}.Debug|x86.ActiveCfg = Debug|Win32
		{CC3F09CE-0FCB-4B63-9D34-A064AC855470}.Debug|x86.Build.0 = Debug|Win32
		{CC3F09CE-0FCB-4B63-9D34-A064AC855470}.Release|x64.ActiveCfg = Release|x64
		{CC3F09CE-0FCB-4B63-9D34-A064AC855470}.Release|x64.Build.0 = Release|x64
		{CC3F09CE-0FCB-4B63-9D34-A064AC855470}.Release|x86.ActiveCfg = Release|Win32
		{CC3F09CE-0FCB-4B63-9D34-A064AC855470}.Release|x86.Build.0 = Release|Win32
		{CEDDFE58-CD76-4B60-A091-600F1D8849CC}.Debug|x64.ActiveCfg = Debug|x64
		{CEDDFE58-CD76-4B60-A091-600F1D8849CC}.Debug|x64.Build.0 = Debug|x64
		{CEDDFE58-CD76-4B60-A091-600F1D8849CC}.Debug|x86.ActiveCfg = Debug|Win32
		{CEDDFE58-CD76-4B60-A091-600F1D8849CC}.Debug|x86.Build.0 = Debug|Win32
		{CEDDFE58-CD76-4B60-A091-600F1D8849CC}.Release|x64.ActiveCfg = Release|x64
		{CEDDFE58-CD76-4B60-A091-600F1D8849CC}.Release|x64.Build.0 = Release|x64
		{CEDDFE58-CD76-4B60-A091-600F1D8849CC}.Release|x86.ActiveCfg = Release|Win32
		{CEDDFE58-CD76-4B60-A091-600F1D8849CC}.Release|x86.Build.0 = Release|Win32
		{BDE3DFB8-A193-43EB-88B3-FD7A52447277}.Debug|x64.ActiveCfg = Debug|x64
		{BDE3DFB8-A193-43EB-88B3-FD7A52447277}.Debug|x64.Build.0 = Debug|x64
		{BDE3DFB8-A193-43EB-88B3-FD7A52447277}.Debug|x86.ActiveCfg = Debug|Win32
		{BDE3DFB8-A193-43EB-88B3-FD7A52447277}.Debug|x86.Build.0 = Debug|Win32
		{BDE3DFB8-A193-43EB-88B3-FD7A52447277}.Release|x64.ActiveCfg = Release|x64
		{BDE3DFB8-A193-43EB-88B3-FD7A52447277}.Release|x64.Build.0 = Release|x64
		{BDE3DFB8-A193-43EB-88B3-FD7A52447277}.Release|x86.ActiveCfg = Release|Win32
		{BDE3DFB8-A193-43EB-88B3-FD7A52447277}.Release|x86.Build.0 = Release|Win32
		{3EB6DA32-D582-4D5B-822A-FF83CD29C68E}.Debug|x64.ActiveCfg = Debug|x64
		{3EB6DA32-D582-4D5B-822A-FF83CD29C68E}.Debug|x64.Build.0 = Debug|x64
		{3EB6DA32-D582-4D5B-822A-FF83CD29C68E}.Debug|x86.ActiveCfg = Debug|Win32
		{3EB6DA32-D582-4D5B-822A-FF83CD29C68E}.Debug|x86.Build.0 = Debug|Win32
		{3EB6DA32-D582-4D5B-822A-FF83CD29C68E}.Release|x64.ActiveCfg = Release|x64
		{3EB6DA32-D582-4D5B-822A-FF83CD29C68E}.Release|x64.Build.0 = Release|x64
		{3EB6DA32-D582-4D5B-822A-FF83CD29C68E}.Release|x86.ActiveCfg = Release|Win32
		{3EB6DA32-D582-4D5B-822A-FF83CD29C68E}.Release|x86.Build.0 = Release|Win32
		{1713992A-3B36-4F7D-AE99-44A599B48F57}.Debug|x64.ActiveCfg = Debug|x64
		{1713992A-3B36-4F7D-AE99-44A599B48F57}.Debug|x64.Build.0 = Debug|x64
		{1713992A-3B36-4F7D-AE99-44A599B48F57}.Debug|x86.ActiveCfg = Debug|Win32
		{1713992A-3B36-4F7D-AE99-44A599B48F57}.Debug|x86.Build.0 = Debug|Win32
		{1713992A-3B36-4F7D-AE99-44A599B48F57}.Release|x64.ActiveCfg = Release|x64
		{1713992A-3B36-4F7D-AE99-44A599B48F57}.Release|x64.Build.0 = Release|x64
		{1713992A-3B36-4F7D-AE99-44A599B48F57}.Release|x86.ActiveCfg = Release|Win32
		{1713992A-3B36-4F7D-AE99-44A599B48F57}.Release|x86.Build.0 = Release|Win32
		{066395C6-3EF8-4DAE-8E77-8A5B2DB6BF15}.Debug|x64.ActiveCfg = Debug|x64
		{066395C6-3EF8-4DAE-8E77-8A5B2DB6BF15}.Debug|x64.Build.0 = Debug|x64
		{066395C6-3EF8-4DAE-8E77-8A5B2DB6BF15}.Debug|x86.ActiveCfg = Debug|Win32
		{066395C6-3EF8-4DAE-8E77-8A5B2DB6BF15}.Debug|x86.Build.0 = Debug|Win32
		{066395C6-3EF8-4DAE-8E77-8A5B2DB6BF15}.Release|x64.ActiveCfg = Release|x64
		{066395C6-3EF8-4DAE-8E77-8A5B2DB6BF15}.Release|x64.Build.0 = Release|x64
		{066395C6-3EF8-4DAE-8E77-8A5B2DB6BF15}.Release|x86.ActiveCfg = Release|Win32
		{066395C6-3EF8-4DAE-8E77-8A5B2DB6BF15}.Release|x86.Build.0 = Release|Win32
		{36FD605D-BA63-42BE-B549-6059E322A5AF}.Debug|x64.ActiveCfg = Debug|x64
		{36FD605D-BA63-42BE-B549-6059E322A5AF}.Debug|x64.Build.0 = Debug|x64
		{36FD605D-BA63-42BE-B549-6059E322A5AF}.Debug|x86.ActiveCfg = Debug|Win32
		{36FD605D-BA63-42BE-B549-6059E322A5AF}.Debug|x86.Build.0 = Debug|Win32
		{36FD605D-BA63-42BE-B549-6059E322A5AF}.Release|x64.ActiveCfg = Release|x64
		{36FD605D-BA63-42BE-B549-6059E322A5AF}.Release|x64.Build.0 = Release|x64
		{36FD605D-BA63-42BE-B549-6059E322A5AF}.Release|x86.ActiveCfg = Release|Win32
		{36FD605D-BA63-42BE-B549-6059E322A5AF}.Release|x86.Build.0 = Release|Win32
		{CA540385-4FBC-47DD-A1EC-D606AE47098D}.Debug|x64.ActiveCfg = Debug|x64
		{CA540385-4FBC-47DD-A1EC-D606AE47098D}.Debug|x64.Build.0 = Debug|x64
		{CA540385-4FBC-47DD-A1EC-D606AE47098D}.Debug|x86.ActiveCfg = Debug|Win32
		{CA540385-4FBC-47DD-A1EC-D606AE47098D}.Debug|x86.Build.0 = Debug|Win32
		{CA540385-4FBC-47DD-A1EC-D606AE47098D}.Release|x64.ActiveCfg = Release|x64
		{CA540385-4FBC-47DD-A1EC-D606AE47098D}.Release|x64.Build.0 = Release|x64
		{CA540385-4FBC-47DD-A1EC-D606AE47098D}.Release|x86.ActiveCfg = Release|Win32
		{CA540385-4FBC-47DD-A1EC-D606AE47098D}.Release|x86.Build.0 = Release|Win32
		{A678A87E-FD57-45F6-B44E-675AE80DD243}.Debug|x64.ActiveCfg = Debug|x64
		{A678A87E-FD57-45F6-B44E-675AE80DD243}.Debug|x64.Build.0 = Debug|x64
		{A678A87E-FD57-45F6-B44E-675AE80DD243}.Debug|x86.ActiveCfg = Debug|Win32
		{A678A87E-FD57-45F6-B44E-675AE80DD243}.Debug|x86.Build.0 = Debug|Win32
		{A678A87E-FD57-45F6-B44E-675AE80DD243}.Release|x64.ActiveCfg = Release|x64
		{A678A87E-FD57-45F6-B44E-675AE80DD243}.Release|x64.Build.0 = Release|x64
		{A678A87E-FD57-45F6-B44E-675AE80DD243}.Release|x86.ActiveCfg = Release|Win32
		{A678A87E-FD57-45F6-B44E-675AE80DD243}.Release|x86.Build.0 = Release|Win32
	EndGlobalSection
	GlobalSection(SolutionProperties) = preSolution
		HideSolutionNode = FALSE
	EndGlobalSection
	GlobalSection(ExtensibilityGlobals) = postSolution
		SolutionGuid = {C7913DDB-9294-40B4-8D94-84859CA9202D}
	EndGlobalSection
EndGlobal
